// !$*UTF8*$!
{
	archiveVersion = 1;
	classes = {
	};
	objectVersion = 46;
	objects = {

/* Begin PBXBuildFile section */
		6F5BE09D1ABD1A2E00B15DDB /* main.m in Sources */ = {isa = PBXBuildFile; fileRef = 6F5BE09C1ABD1A2E00B15DDB /* main.m */; };
		6F5BE0A01ABD1A2E00B15DDB /* AppDelegate.m in Sources */ = {isa = PBXBuildFile; fileRef = 6F5BE09F1ABD1A2E00B15DDB /* AppDelegate.m */; };
		6F5BE0A31ABD1A2E00B15DDB /* ViewController.m in Sources */ = {isa = PBXBuildFile; fileRef = 6F5BE0A21ABD1A2E00B15DDB /* ViewController.m */; };
		6F5BE0A61ABD1A2E00B15DDB /* Main.storyboard in Resources */ = {isa = PBXBuildFile; fileRef = 6F5BE0A41ABD1A2E00B15DDB /* Main.storyboard */; };
		6F5BE0A81ABD1A2E00B15DDB /* Images.xcassets in Resources */ = {isa = PBXBuildFile; fileRef = 6F5BE0A71ABD1A2E00B15DDB /* Images.xcassets */; };
		6F5BE0AB1ABD1A2E00B15DDB /* LaunchScreen.xib in Resources */ = {isa = PBXBuildFile; fileRef = 6F5BE0A91ABD1A2E00B15DDB /* LaunchScreen.xib */; };
		6F5BE0B71ABD1A2E00B15DDB /* OldMovieTests.m in Sources */ = {isa = PBXBuildFile; fileRef = 6F5BE0B61ABD1A2E00B15DDB /* OldMovieTests.m */; };
		6F5BE0C11ABD1AA700B15DDB /* AVFoundation.framework in Frameworks */ = {isa = PBXBuildFile; fileRef = 6F5BE0C01ABD1AA700B15DDB /* AVFoundation.framework */; };
		6F5BE0C41ABD1EF100B15DDB /* IS_ShareVideoViewController.m in Sources */ = {isa = PBXBuildFile; fileRef = 6F5BE0C31ABD1EF100B15DDB /* IS_ShareVideoViewController.m */; };
		6F5BE0D01ABD4D1300B15DDB /* EditViewController.m in Sources */ = {isa = PBXBuildFile; fileRef = 6F5BE0CF1ABD4D1300B15DDB /* EditViewController.m */; };
		6F5BE0DB1ABD4DAB00B15DDB /* CoreGraphics.framework in Frameworks */ = {isa = PBXBuildFile; fileRef = 6F5BE0DA1ABD4DAB00B15DDB /* CoreGraphics.framework */; };
		6F5BE0DD1ABD4DD200B15DDB /* AudioToolbox.framework in Frameworks */ = {isa = PBXBuildFile; fileRef = 6F5BE0DC1ABD4DD200B15DDB /* AudioToolbox.framework */; };
		6F5BE0DF1ABD4DDF00B15DDB /* GLKit.framework in Frameworks */ = {isa = PBXBuildFile; fileRef = 6F5BE0DE1ABD4DDF00B15DDB /* GLKit.framework */; };
		6F5BE0E11ABD4DEB00B15DDB /* CoreVideo.framework in Frameworks */ = {isa = PBXBuildFile; fileRef = 6F5BE0E01ABD4DEB00B15DDB /* CoreVideo.framework */; };
		6F5BE0E21ABD4E1100B15DDB /* libSCRecorder.a in Frameworks */ = {isa = PBXBuildFile; fileRef = 6F5BE0D71ABD4D4500B15DDB /* libSCRecorder.a */; };
/* End PBXBuildFile section */

/* Begin PBXContainerItemProxy section */
		6F5BE0B11ABD1A2E00B15DDB /* PBXContainerItemProxy */ = {
			isa = PBXContainerItemProxy;
			containerPortal = 6F5BE08F1ABD1A2E00B15DDB /* Project object */;
			proxyType = 1;
			remoteGlobalIDString = 6F5BE0961ABD1A2E00B15DDB;
			remoteInfo = OldMovie;
		};
		6F5BE0D61ABD4D4500B15DDB /* PBXContainerItemProxy */ = {
			isa = PBXContainerItemProxy;
			containerPortal = 6F5BE0D11ABD4D4500B15DDB /* SCRecorder.xcodeproj */;
			proxyType = 2;
			remoteGlobalIDString = DC23FE1117B4200700389EDA;
			remoteInfo = SCRecorder;
		};
		6F5BE0D81ABD4D4500B15DDB /* PBXContainerItemProxy */ = {
			isa = PBXContainerItemProxy;
			containerPortal = 6F5BE0D11ABD4D4500B15DDB /* SCRecorder.xcodeproj */;
			proxyType = 2;
			remoteGlobalIDString = DCA8EF50192BD1C200839BE2;
			remoteInfo = SCRecorderMac;
		};
/* End PBXContainerItemProxy section */

/* Begin PBXFileReference section */
		6F5BE0971ABD1A2E00B15DDB /* OldMovie.app */ = {isa = PBXFileReference; explicitFileType = wrapper.application; includeInIndex = 0; path = OldMovie.app; sourceTree = BUILT_PRODUCTS_DIR; };
		6F5BE09B1ABD1A2E00B15DDB /* Info.plist */ = {isa = PBXFileReference; lastKnownFileType = text.plist.xml; path = Info.plist; sourceTree = "<group>"; };
		6F5BE09C1ABD1A2E00B15DDB /* main.m */ = {isa = PBXFileReference; lastKnownFileType = sourcecode.c.objc; path = main.m; sourceTree = "<group>"; };
		6F5BE09E1ABD1A2E00B15DDB /* AppDelegate.h */ = {isa = PBXFileReference; lastKnownFileType = sourcecode.c.h; path = AppDelegate.h; sourceTree = "<group>"; };
		6F5BE09F1ABD1A2E00B15DDB /* AppDelegate.m */ = {isa = PBXFileReference; lastKnownFileType = sourcecode.c.objc; path = AppDelegate.m; sourceTree = "<group>"; };
		6F5BE0A11ABD1A2E00B15DDB /* ViewController.h */ = {isa = PBXFileReference; lastKnownFileType = sourcecode.c.h; path = ViewController.h; sourceTree = "<group>"; };
		6F5BE0A21ABD1A2E00B15DDB /* ViewController.m */ = {isa = PBXFileReference; lastKnownFileType = sourcecode.c.objc; path = ViewController.m; sourceTree = "<group>"; };
		6F5BE0A51ABD1A2E00B15DDB /* Base */ = {isa = PBXFileReference; lastKnownFileType = file.storyboard; name = Base; path = Base.lproj/Main.storyboard; sourceTree = "<group>"; };
		6F5BE0A71ABD1A2E00B15DDB /* Images.xcassets */ = {isa = PBXFileReference; lastKnownFileType = folder.assetcatalog; path = Images.xcassets; sourceTree = "<group>"; };
		6F5BE0AA1ABD1A2E00B15DDB /* Base */ = {isa = PBXFileReference; lastKnownFileType = file.xib; name = Base; path = Base.lproj/LaunchScreen.xib; sourceTree = "<group>"; };
		6F5BE0B01ABD1A2E00B15DDB /* OldMovieTests.xctest */ = {isa = PBXFileReference; explicitFileType = wrapper.cfbundle; includeInIndex = 0; path = OldMovieTests.xctest; sourceTree = BUILT_PRODUCTS_DIR; };
		6F5BE0B51ABD1A2E00B15DDB /* Info.plist */ = {isa = PBXFileReference; lastKnownFileType = text.plist.xml; path = Info.plist; sourceTree = "<group>"; };
		6F5BE0B61ABD1A2E00B15DDB /* OldMovieTests.m */ = {isa = PBXFileReference; lastKnownFileType = sourcecode.c.objc; path = OldMovieTests.m; sourceTree = "<group>"; };
		6F5BE0C01ABD1AA700B15DDB /* AVFoundation.framework */ = {isa = PBXFileReference; lastKnownFileType = wrapper.framework; name = AVFoundation.framework; path = System/Library/Frameworks/AVFoundation.framework; sourceTree = SDKROOT; };
		6F5BE0C21ABD1EF100B15DDB /* IS_ShareVideoViewController.h */ = {isa = PBXFileReference; fileEncoding = 4; lastKnownFileType = sourcecode.c.h; path = IS_ShareVideoViewController.h; sourceTree = "<group>"; };
		6F5BE0C31ABD1EF100B15DDB /* IS_ShareVideoViewController.m */ = {isa = PBXFileReference; fileEncoding = 4; lastKnownFileType = sourcecode.c.objc; path = IS_ShareVideoViewController.m; sourceTree = "<group>"; };
		6F5BE0CE1ABD4D1300B15DDB /* EditViewController.h */ = {isa = PBXFileReference; fileEncoding = 4; lastKnownFileType = sourcecode.c.h; path = EditViewController.h; sourceTree = "<group>"; };
		6F5BE0CF1ABD4D1300B15DDB /* EditViewController.m */ = {isa = PBXFileReference; fileEncoding = 4; lastKnownFileType = sourcecode.c.objc; path = EditViewController.m; sourceTree = "<group>"; };
		6F5BE0D11ABD4D4500B15DDB /* SCRecorder.xcodeproj */ = {isa = PBXFileReference; lastKnownFileType = "wrapper.pb-project"; name = SCRecorder.xcodeproj; path = Library/SCRecorder.xcodeproj; sourceTree = "<group>"; };
		6F5BE0DA1ABD4DAB00B15DDB /* CoreGraphics.framework */ = {isa = PBXFileReference; lastKnownFileType = wrapper.framework; name = CoreGraphics.framework; path = System/Library/Frameworks/CoreGraphics.framework; sourceTree = SDKROOT; };
		6F5BE0DC1ABD4DD200B15DDB /* AudioToolbox.framework */ = {isa = PBXFileReference; lastKnownFileType = wrapper.framework; name = AudioToolbox.framework; path = System/Library/Frameworks/AudioToolbox.framework; sourceTree = SDKROOT; };
		6F5BE0DE1ABD4DDF00B15DDB /* GLKit.framework */ = {isa = PBXFileReference; lastKnownFileType = wrapper.framework; name = GLKit.framework; path = System/Library/Frameworks/GLKit.framework; sourceTree = SDKROOT; };
		6F5BE0E01ABD4DEB00B15DDB /* CoreVideo.framework */ = {isa = PBXFileReference; lastKnownFileType = wrapper.framework; name = CoreVideo.framework; path = System/Library/Frameworks/CoreVideo.framework; sourceTree = SDKROOT; };
/* End PBXFileReference section */

/* Begin PBXFrameworksBuildPhase section */
		6F5BE0941ABD1A2E00B15DDB /* Frameworks */ = {
			isa = PBXFrameworksBuildPhase;
			buildActionMask = 2147483647;
			files = (
				6F5BE0E11ABD4DEB00B15DDB /* CoreVideo.framework in Frameworks */,
				6F5BE0DF1ABD4DDF00B15DDB /* GLKit.framework in Frameworks */,
				6F5BE0DD1ABD4DD200B15DDB /* AudioToolbox.framework in Frameworks */,
				6F5BE0DB1ABD4DAB00B15DDB /* CoreGraphics.framework in Frameworks */,
				6F5BE0C11ABD1AA700B15DDB /* AVFoundation.framework in Frameworks */,
				6F5BE0E21ABD4E1100B15DDB /* libSCRecorder.a in Frameworks */,
			);
			runOnlyForDeploymentPostprocessing = 0;
		};
		6F5BE0AD1ABD1A2E00B15DDB /* Frameworks */ = {
			isa = PBXFrameworksBuildPhase;
			buildActionMask = 2147483647;
			files = (
			);
			runOnlyForDeploymentPostprocessing = 0;
		};
/* End PBXFrameworksBuildPhase section */

/* Begin PBXGroup section */
		6F5BE08E1ABD1A2E00B15DDB = {
			isa = PBXGroup;
			children = (
				6F5BE0E01ABD4DEB00B15DDB /* CoreVideo.framework */,
				6F5BE0DE1ABD4DDF00B15DDB /* GLKit.framework */,
				6F5BE0DC1ABD4DD200B15DDB /* AudioToolbox.framework */,
				6F5BE0DA1ABD4DAB00B15DDB /* CoreGraphics.framework */,
				6F5BE0D11ABD4D4500B15DDB /* SCRecorder.xcodeproj */,
				6F5BE0C01ABD1AA700B15DDB /* AVFoundation.framework */,
				6F5BE0991ABD1A2E00B15DDB /* OldMovie */,
				6F5BE0B31ABD1A2E00B15DDB /* OldMovieTests */,
				6F5BE0981ABD1A2E00B15DDB /* Products */,
			);
			sourceTree = "<group>";
		};
		6F5BE0981ABD1A2E00B15DDB /* Products */ = {
			isa = PBXGroup;
			children = (
				6F5BE0971ABD1A2E00B15DDB /* OldMovie.app */,
				6F5BE0B01ABD1A2E00B15DDB /* OldMovieTests.xctest */,
			);
			name = Products;
			sourceTree = "<group>";
		};
		6F5BE0991ABD1A2E00B15DDB /* OldMovie */ = {
			isa = PBXGroup;
			children = (
				6F5BE09E1ABD1A2E00B15DDB /* AppDelegate.h */,
				6F5BE09F1ABD1A2E00B15DDB /* AppDelegate.m */,
				6F5BE0A11ABD1A2E00B15DDB /* ViewController.h */,
				6F5BE0A21ABD1A2E00B15DDB /* ViewController.m */,
				6F5BE0CE1ABD4D1300B15DDB /* EditViewController.h */,
				6F5BE0CF1ABD4D1300B15DDB /* EditViewController.m */,
				6F5BE0C21ABD1EF100B15DDB /* IS_ShareVideoViewController.h */,
				6F5BE0C31ABD1EF100B15DDB /* IS_ShareVideoViewController.m */,
				6F5BE0A41ABD1A2E00B15DDB /* Main.storyboard */,
				6F5BE0A71ABD1A2E00B15DDB /* Images.xcassets */,
				6F5BE0A91ABD1A2E00B15DDB /* LaunchScreen.xib */,
				6F5BE09A1ABD1A2E00B15DDB /* Supporting Files */,
			);
			path = OldMovie;
			sourceTree = "<group>";
		};
		6F5BE09A1ABD1A2E00B15DDB /* Supporting Files */ = {
			isa = PBXGroup;
			children = (
				6F5BE09B1ABD1A2E00B15DDB /* Info.plist */,
				6F5BE09C1ABD1A2E00B15DDB /* main.m */,
			);
			name = "Supporting Files";
			sourceTree = "<group>";
		};
		6F5BE0B31ABD1A2E00B15DDB /* OldMovieTests */ = {
			isa = PBXGroup;
			children = (
				6F5BE0B61ABD1A2E00B15DDB /* OldMovieTests.m */,
				6F5BE0B41ABD1A2E00B15DDB /* Supporting Files */,
			);
			path = OldMovieTests;
			sourceTree = "<group>";
		};
		6F5BE0B41ABD1A2E00B15DDB /* Supporting Files */ = {
			isa = PBXGroup;
			children = (
				6F5BE0B51ABD1A2E00B15DDB /* Info.plist */,
			);
			name = "Supporting Files";
			sourceTree = "<group>";
		};
		6F5BE0D21ABD4D4500B15DDB /* Products */ = {
			isa = PBXGroup;
			children = (
				6F5BE0D71ABD4D4500B15DDB /* libSCRecorder.a */,
				6F5BE0D91ABD4D4500B15DDB /* SCRecorderMac.framework */,
			);
			name = Products;
			sourceTree = "<group>";
		};
/* End PBXGroup section */

/* Begin PBXNativeTarget section */
		6F5BE0961ABD1A2E00B15DDB /* OldMovie */ = {
			isa = PBXNativeTarget;
			buildConfigurationList = 6F5BE0BA1ABD1A2E00B15DDB /* Build configuration list for PBXNativeTarget "OldMovie" */;
			buildPhases = (
				6F5BE0931ABD1A2E00B15DDB /* Sources */,
				6F5BE0941ABD1A2E00B15DDB /* Frameworks */,
				6F5BE0951ABD1A2E00B15DDB /* Resources */,
			);
			buildRules = (
			);
			dependencies = (
			);
			name = OldMovie;
			productName = OldMovie;
			productReference = 6F5BE0971ABD1A2E00B15DDB /* OldMovie.app */;
			productType = "com.apple.product-type.application";
		};
		6F5BE0AF1ABD1A2E00B15DDB /* OldMovieTests */ = {
			isa = PBXNativeTarget;
			buildConfigurationList = 6F5BE0BD1ABD1A2E00B15DDB /* Build configuration list for PBXNativeTarget "OldMovieTests" */;
			buildPhases = (
				6F5BE0AC1ABD1A2E00B15DDB /* Sources */,
				6F5BE0AD1ABD1A2E00B15DDB /* Frameworks */,
				6F5BE0AE1ABD1A2E00B15DDB /* Resources */,
			);
			buildRules = (
			);
			dependencies = (
				6F5BE0B21ABD1A2E00B15DDB /* PBXTargetDependency */,
			);
			name = OldMovieTests;
			productName = OldMovieTests;
			productReference = 6F5BE0B01ABD1A2E00B15DDB /* OldMovieTests.xctest */;
			productType = "com.apple.product-type.bundle.unit-test";
		};
/* End PBXNativeTarget section */

/* Begin PBXProject section */
		6F5BE08F1ABD1A2E00B15DDB /* Project object */ = {
			isa = PBXProject;
			attributes = {
				LastUpgradeCheck = 0620;
				ORGANIZATIONNAME = com.rcplatform;
				TargetAttributes = {
					6F5BE0961ABD1A2E00B15DDB = {
						CreatedOnToolsVersion = 6.2;
					};
					6F5BE0AF1ABD1A2E00B15DDB = {
						CreatedOnToolsVersion = 6.2;
						TestTargetID = 6F5BE0961ABD1A2E00B15DDB;
					};
				};
			};
			buildConfigurationList = 6F5BE0921ABD1A2E00B15DDB /* Build configuration list for PBXProject "OldMovie" */;
			compatibilityVersion = "Xcode 3.2";
			developmentRegion = English;
			hasScannedForEncodings = 0;
			knownRegions = (
				en,
				Base,
			);
			mainGroup = 6F5BE08E1ABD1A2E00B15DDB;
			productRefGroup = 6F5BE0981ABD1A2E00B15DDB /* Products */;
			projectDirPath = "";
			projectReferences = (
				{
					ProductGroup = 6F5BE0D21ABD4D4500B15DDB /* Products */;
					ProjectRef = 6F5BE0D11ABD4D4500B15DDB /* SCRecorder.xcodeproj */;
				},
			);
			projectRoot = "";
			targets = (
				6F5BE0961ABD1A2E00B15DDB /* OldMovie */,
				6F5BE0AF1ABD1A2E00B15DDB /* OldMovieTests */,
			);
		};
/* End PBXProject section */

/* Begin PBXReferenceProxy section */
		6F5BE0D71ABD4D4500B15DDB /* libSCRecorder.a */ = {
			isa = PBXReferenceProxy;
			fileType = archive.ar;
			path = libSCRecorder.a;
			remoteRef = 6F5BE0D61ABD4D4500B15DDB /* PBXContainerItemProxy */;
			sourceTree = BUILT_PRODUCTS_DIR;
		};
		6F5BE0D91ABD4D4500B15DDB /* SCRecorderMac.framework */ = {
			isa = PBXReferenceProxy;
			fileType = wrapper.framework;
			path = SCRecorderMac.framework;
			remoteRef = 6F5BE0D81ABD4D4500B15DDB /* PBXContainerItemProxy */;
			sourceTree = BUILT_PRODUCTS_DIR;
		};
/* End PBXReferenceProxy section */

/* Begin PBXResourcesBuildPhase section */
		6F5BE0951ABD1A2E00B15DDB /* Resources */ = {
			isa = PBXResourcesBuildPhase;
			buildActionMask = 2147483647;
			files = (
				6F5BE0A61ABD1A2E00B15DDB /* Main.storyboard in Resources */,
				6F5BE0AB1ABD1A2E00B15DDB /* LaunchScreen.xib in Resources */,
				6F5BE0A81ABD1A2E00B15DDB /* Images.xcassets in Resources */,
			);
			runOnlyForDeploymentPostprocessing = 0;
		};
		6F5BE0AE1ABD1A2E00B15DDB /* Resources */ = {
			isa = PBXResourcesBuildPhase;
			buildActionMask = 2147483647;
			files = (
			);
			runOnlyForDeploymentPostprocessing = 0;
		};
/* End PBXResourcesBuildPhase section */

/* Begin PBXSourcesBuildPhase section */
		6F5BE0931ABD1A2E00B15DDB /* Sources */ = {
			isa = PBXSourcesBuildPhase;
			buildActionMask = 2147483647;
			files = (
				6F5BE0C41ABD1EF100B15DDB /* IS_ShareVideoViewController.m in Sources */,
				6F5BE0A31ABD1A2E00B15DDB /* ViewController.m in Sources */,
				6F5BE0A01ABD1A2E00B15DDB /* AppDelegate.m in Sources */,
				6F5BE09D1ABD1A2E00B15DDB /* main.m in Sources */,
				6F5BE0D01ABD4D1300B15DDB /* EditViewController.m in Sources */,
			);
			runOnlyForDeploymentPostprocessing = 0;
		};
		6F5BE0AC1ABD1A2E00B15DDB /* Sources */ = {
			isa = PBXSourcesBuildPhase;
			buildActionMask = 2147483647;
			files = (
				6F5BE0B71ABD1A2E00B15DDB /* OldMovieTests.m in Sources */,
			);
			runOnlyForDeploymentPostprocessing = 0;
		};
/* End PBXSourcesBuildPhase section */

/* Begin PBXTargetDependency section */
		6F5BE0B21ABD1A2E00B15DDB /* PBXTargetDependency */ = {
			isa = PBXTargetDependency;
			target = 6F5BE0961ABD1A2E00B15DDB /* OldMovie */;
			targetProxy = 6F5BE0B11ABD1A2E00B15DDB /* PBXContainerItemProxy */;
		};
/* End PBXTargetDependency section */

/* Begin PBXVariantGroup section */
		6F5BE0A41ABD1A2E00B15DDB /* Main.storyboard */ = {
			isa = PBXVariantGroup;
			children = (
				6F5BE0A51ABD1A2E00B15DDB /* Base */,
			);
			name = Main.storyboard;
			sourceTree = "<group>";
		};
		6F5BE0A91ABD1A2E00B15DDB /* LaunchScreen.xib */ = {
			isa = PBXVariantGroup;
			children = (
				6F5BE0AA1ABD1A2E00B15DDB /* Base */,
			);
			name = LaunchScreen.xib;
			sourceTree = "<group>";
		};
/* End PBXVariantGroup section */

/* Begin XCBuildConfiguration section */
		6F5BE0B81ABD1A2E00B15DDB /* Debug */ = {
			isa = XCBuildConfiguration;
			buildSettings = {
				ALWAYS_SEARCH_USER_PATHS = NO;
				CLANG_CXX_LANGUAGE_STANDARD = "gnu++0x";
				CLANG_CXX_LIBRARY = "libc++";
				CLANG_ENABLE_MODULES = YES;
				CLANG_ENABLE_OBJC_ARC = YES;
				CLANG_WARN_BOOL_CONVERSION = YES;
				CLANG_WARN_CONSTANT_CONVERSION = YES;
				CLANG_WARN_DIRECT_OBJC_ISA_USAGE = YES_ERROR;
				CLANG_WARN_EMPTY_BODY = YES;
				CLANG_WARN_ENUM_CONVERSION = YES;
				CLANG_WARN_INT_CONVERSION = YES;
				CLANG_WARN_OBJC_ROOT_CLASS = YES_ERROR;
				CLANG_WARN_UNREACHABLE_CODE = YES;
				CLANG_WARN__DUPLICATE_METHOD_MATCH = YES;
				"CODE_SIGN_IDENTITY[sdk=iphoneos*]" = "iPhone Developer";
				COPY_PHASE_STRIP = NO;
				ENABLE_STRICT_OBJC_MSGSEND = YES;
				GCC_C_LANGUAGE_STANDARD = gnu99;
				GCC_DYNAMIC_NO_PIC = NO;
				GCC_OPTIMIZATION_LEVEL = 0;
				GCC_PREPROCESSOR_DEFINITIONS = (
					"DEBUG=1",
					"$(inherited)",
				);
				GCC_SYMBOLS_PRIVATE_EXTERN = NO;
				GCC_WARN_64_TO_32_BIT_CONVERSION = YES;
				GCC_WARN_ABOUT_RETURN_TYPE = YES_ERROR;
				GCC_WARN_UNDECLARED_SELECTOR = YES;
				GCC_WARN_UNINITIALIZED_AUTOS = YES_AGGRESSIVE;
				GCC_WARN_UNUSED_FUNCTION = YES;
				GCC_WARN_UNUSED_VARIABLE = YES;
				IPHONEOS_DEPLOYMENT_TARGET = 8.2;
				MTL_ENABLE_DEBUG_INFO = YES;
				ONLY_ACTIVE_ARCH = YES;
				SDKROOT = iphoneos;
			};
			name = Debug;
		};
		6F5BE0B91ABD1A2E00B15DDB /* Release */ = {
			isa = XCBuildConfiguration;
			buildSettings = {
				ALWAYS_SEARCH_USER_PATHS = NO;
				CLANG_CXX_LANGUAGE_STANDARD = "gnu++0x";
				CLANG_CXX_LIBRARY = "libc++";
				CLANG_ENABLE_MODULES = YES;
				CLANG_ENABLE_OBJC_ARC = YES;
				CLANG_WARN_BOOL_CONVERSION = YES;
				CLANG_WARN_CONSTANT_CONVERSION = YES;
				CLANG_WARN_DIRECT_OBJC_ISA_USAGE = YES_ERROR;
				CLANG_WARN_EMPTY_BODY = YES;
				CLANG_WARN_ENUM_CONVERSION = YES;
				CLANG_WARN_INT_CONVERSION = YES;
				CLANG_WARN_OBJC_ROOT_CLASS = YES_ERROR;
				CLANG_WARN_UNREACHABLE_CODE = YES;
				CLANG_WARN__DUPLICATE_METHOD_MATCH = YES;
				"CODE_SIGN_IDENTITY[sdk=iphoneos*]" = "iPhone Developer";
				COPY_PHASE_STRIP = NO;
				ENABLE_NS_ASSERTIONS = NO;
				ENABLE_STRICT_OBJC_MSGSEND = YES;
				GCC_C_LANGUAGE_STANDARD = gnu99;
				GCC_WARN_64_TO_32_BIT_CONVERSION = YES;
				GCC_WARN_ABOUT_RETURN_TYPE = YES_ERROR;
				GCC_WARN_UNDECLARED_SELECTOR = YES;
				GCC_WARN_UNINITIALIZED_AUTOS = YES_AGGRESSIVE;
				GCC_WARN_UNUSED_FUNCTION = YES;
				GCC_WARN_UNUSED_VARIABLE = YES;
				IPHONEOS_DEPLOYMENT_TARGET = 8.2;
				MTL_ENABLE_DEBUG_INFO = NO;
				SDKROOT = iphoneos;
				VALIDATE_PRODUCT = YES;
			};
			name = Release;
		};
		6F5BE0BB1ABD1A2E00B15DDB /* Debug */ = {
			isa = XCBuildConfiguration;
			buildSettings = {
				ASSETCATALOG_COMPILER_APPICON_NAME = AppIcon;
				HEADER_SEARCH_PATHS = (
					"$(inherited)",
					/Applications/Xcode.app/Contents/Developer/Toolchains/XcodeDefault.xctoolchain/usr/include,
					"$(SRCROOT)/Library/Sources",
				);
				INFOPLIST_FILE = OldMovie/Info.plist;
				LD_RUNPATH_SEARCH_PATHS = "$(inherited) @executable_path/Frameworks";
				PRODUCT_NAME = "$(TARGET_NAME)";
			};
			name = Debug;
		};
		6F5BE0BC1ABD1A2E00B15DDB /* Release */ = {
			isa = XCBuildConfiguration;
			buildSettings = {
				ASSETCATALOG_COMPILER_APPICON_NAME = AppIcon;
				HEADER_SEARCH_PATHS = (
					"$(inherited)",
					/Applications/Xcode.app/Contents/Developer/Toolchains/XcodeDefault.xctoolchain/usr/include,
					"$(SRCROOT)/Library/Sources",
				);
				INFOPLIST_FILE = OldMovie/Info.plist;
				LD_RUNPATH_SEARCH_PATHS = "$(inherited) @executable_path/Frameworks";
				PRODUCT_NAME = "$(TARGET_NAME)";
			};
			name = Release;
		};
		6F5BE0BE1ABD1A2E00B15DDB /* Debug */ = {
			isa = XCBuildConfiguration;
			buildSettings = {
				BUNDLE_LOADER = "$(TEST_HOST)";
				FRAMEWORK_SEARCH_PATHS = (
					"$(SDKROOT)/Developer/Library/Frameworks",
					"$(inherited)",
				);
				GCC_PREPROCESSOR_DEFINITIONS = (
					"DEBUG=1",
					"$(inherited)",
				);
				INFOPLIST_FILE = OldMovieTests/Info.plist;
				LD_RUNPATH_SEARCH_PATHS = "$(inherited) @executable_path/Frameworks @loader_path/Frameworks";
				PRODUCT_NAME = "$(TARGET_NAME)";
				TEST_HOST = "$(BUILT_PRODUCTS_DIR)/OldMovie.app/OldMovie";
			};
			name = Debug;
		};
		6F5BE0BF1ABD1A2E00B15DDB /* Release */ = {
			isa = XCBuildConfiguration;
			buildSettings = {
				BUNDLE_LOADER = "$(TEST_HOST)";
				FRAMEWORK_SEARCH_PATHS = (
					"$(SDKROOT)/Developer/Library/Frameworks",
					"$(inherited)",
				);
				INFOPLIST_FILE = OldMovieTests/Info.plist;
				LD_RUNPATH_SEARCH_PATHS = "$(inherited) @executable_path/Frameworks @loader_path/Frameworks";
				PRODUCT_NAME = "$(TARGET_NAME)";
				TEST_HOST = "$(BUILT_PRODUCTS_DIR)/OldMovie.app/OldMovie";
			};
			name = Release;
		};
/* End XCBuildConfiguration section */

/* Begin XCConfigurationList section */
		6F5BE0921ABD1A2E00B15DDB /* Build configuration list for PBXProject "OldMovie" */ = {
			isa = XCConfigurationList;
			buildConfigurations = (
				6F5BE0B81ABD1A2E00B15DDB /* Debug */,
				6F5BE0B91ABD1A2E00B15DDB /* Release */,
			);
			defaultConfigurationIsVisible = 0;
			defaultConfigurationName = Release;
		};
		6F5BE0BA1ABD1A2E00B15DDB /* Build configuration list for PBXNativeTarget "OldMovie" */ = {
			isa = XCConfigurationList;
			buildConfigurations = (
				6F5BE0BB1ABD1A2E00B15DDB /* Debug */,
				6F5BE0BC1ABD1A2E00B15DDB /* Release */,
			);
			defaultConfigurationIsVisible = 0;
			defaultConfigurationName = Release;
		};
		6F5BE0BD1ABD1A2E00B15DDB /* Build configuration list for PBXNativeTarget "OldMovieTests" */ = {
			isa = XCConfigurationList;
			buildConfigurations = (
				6F5BE0BE1ABD1A2E00B15DDB /* Debug */,
				6F5BE0BF1ABD1A2E00B15DDB /* Release */,
			);
			defaultConfigurationIsVisible = 0;
			defaultConfigurationName = Release;
		};
/* End XCConfigurationList section */
	};
	rootObject = 6F5BE08F1ABD1A2E00B15DDB /* Project object */;
}
